
Microsoft Visual Studio Solution File, Format Version 12.00
# Visual Studio Version 16
VisualStudioVersion = 16.0.30011.22
MinimumVisualStudioVersion = 10.0.40219.1
Project("{FAE04EC0-301F-11D3-BF4B-00C04F79EFBC}") = "EfCorePlayground", "EfCorePlayground\EfCorePlayground.csproj", "{3EDCAA3D-D33D-404C-9D8D-3E017C963946}"
EndProject
Global
	GlobalSection(SolutionConfigurationPlatforms) = preSolution
		Debug|Any CPU = Debug|Any CPU
		Release|Any CPU = Release|Any CPU
	EndGlobalSection
	GlobalSection(ProjectConfigurationPlatforms) = postSolution
		{3EDCAA3D-D33D-404C-9D8D-3E017C963946}.Debug|Any CPU.ActiveCfg = Debug|Any CPU
		{3EDCAA3D-D33D-404C-9D8D-3E017C963946}.Debug|Any CPU.Build.0 = Debug|Any CPU
		{3EDCAA3D-D33D-404C-9D8D-3E017C963946}.Release|Any CPU.ActiveCfg = Release|Any CPU
		{3EDCAA3D-D33D-404C-9D8D-3E017C963946}.Release|Any CPU.Build.0 = Release|Any CPU
	EndGlobalSection
	GlobalSection(SolutionProperties) = preSolution
		HideSolutionNode = FALSE
	EndGlobalSection
	GlobalSection(ExtensibilityGlobals) = postSolution
		SolutionGuid = {F3D4528C-2053-4F9F-8FCB-2EE480B8C031}
	EndGlobalSection
EndGlobal
